{
  "version": 4,
  "terraform_version": "1.0.10",
  "serial": 72,
  "lineage": "6b33fde3-d2e3-7546-b0ac-283665f57b7e",
  "outputs": {},
  "resources": [
    {
      "module": "module.projects",
      "mode": "managed",
      "type": "gitlab_group",
      "name": "sample_group",
      "provider": "provider[\"registry.terraform.io/gitlabhq/gitlab\"]",
      "instances": [
        {
          "schema_version": 0,
          "attributes": {
            "auto_devops_enabled": false,
            "default_branch_protection": 2,
            "description": "An example group",
            "emails_disabled": false,
            "full_name": "example",
            "full_path": "example",
            "id": "4",
            "lfs_enabled": true,
            "mentions_disabled": false,
            "name": "example",
            "parent_id": 0,
            "path": "example",
            "project_creation_level": "maintainer",
            "request_access_enabled": false,
            "require_two_factor_authentication": false,
            "runners_token": "mpk6z8FtR8rbbXFLt_7s",
            "share_with_group_lock": false,
            "subgroup_creation_level": "owner",
            "two_factor_grace_period": 48,
            "visibility_level": "private",
            "web_url": "http://localhost/groups/example"
          },
          "sensitive_attributes": [],
          "private": "bnVsbA=="
        }
      ]
    },
    {
      "module": "module.projects",
      "mode": "managed",
      "type": "gitlab_project",
      "name": "sample_group_project",
      "provider": "provider[\"registry.terraform.io/gitlabhq/gitlab\"]",
      "instances": [
        {
          "schema_version": 0,
          "attributes": {
            "allow_merge_on_skipped_pipeline": false,
            "approvals_before_merge": 0,
            "archived": false,
            "build_coverage_regex": "",
            "ci_config_path": "",
            "container_registry_enabled": true,
            "default_branch": "develop",
            "description": "",
            "group_with_project_templates_id": null,
            "http_url_to_repo": "http://localhost/example/example.git",
            "id": "11",
            "import_url": null,
            "initialize_with_readme": true,
            "issues_enabled": true,
            "lfs_enabled": true,
            "merge_method": "merge",
            "merge_requests_enabled": true,
            "mirror": false,
            "mirror_overwrites_diverged_branches": false,
            "mirror_trigger_builds": false,
            "name": "example",
            "namespace_id": 4,
            "only_allow_merge_if_all_discussions_are_resolved": false,
            "only_allow_merge_if_pipeline_succeeds": false,
            "only_mirror_protected_branches": false,
            "packages_enabled": true,
            "pages_access_level": "private",
            "path": "example",
            "path_with_namespace": "example/example",
            "pipelines_enabled": true,
            "push_rules": [],
            "remove_source_branch_after_merge": true,
            "request_access_enabled": false,
            "runners_token": "B8cmD28Upgu7V7bdFAy4",
            "shared_runners_enabled": false,
            "snippets_enabled": true,
            "squash_option": "default_off",
            "ssh_url_to_repo": "git@localhost:example/example.git",
            "tags": [],
            "template_name": null,
            "template_project_id": null,
            "use_custom_template": null,
            "visibility_level": "private",
            "web_url": "http://localhost/example/example",
            "wiki_enabled": true
          },
          "sensitive_attributes": [],
          "private": "bnVsbA==",
          "dependencies": [
            "module.projects.gitlab_group.sample_group"
          ]
        }
      ]
    },
    {
      "module": "module.rules",
      "mode": "managed",
      "type": "gitlab_branch_protection",
      "name": "master",
      "provider": "provider[\"registry.terraform.io/gitlabhq/gitlab\"]",
      "instances": [
        {
          "index_key": "sample_group_project",
          "schema_version": 0,
          "attributes": {
            "allowed_to_merge": [],
            "allowed_to_push": [],
            "branch": "master",
            "branch_protection_id": 17,
            "code_owner_approval_required": false,
            "id": "11:master",
            "merge_access_level": "developer",
            "project": "11",
            "push_access_level": "maintainer"
          },
          "sensitive_attributes": [],
          "private": "bnVsbA==",
          "dependencies": [
            "module.projects.gitlab_group.sample_group",
            "module.projects.gitlab_project.sample_group_project"
          ]
        }
      ]
    },
    {
      "module": "module.rules",
      "mode": "managed",
      "type": "gitlab_branch_protection",
      "name": "stage",
      "provider": "provider[\"registry.terraform.io/gitlabhq/gitlab\"]",
      "instances": [
        {
          "index_key": "sample_group_project",
          "schema_version": 0,
          "attributes": {
            "allowed_to_merge": [],
            "allowed_to_push": [],
            "branch": "stage",
            "branch_protection_id": 18,
            "code_owner_approval_required": false,
            "id": "11:stage",
            "merge_access_level": "developer",
            "project": "11",
            "push_access_level": "maintainer"
          },
          "sensitive_attributes": [],
          "private": "bnVsbA==",
          "dependencies": [
            "module.projects.gitlab_group.sample_group",
            "module.projects.gitlab_project.sample_group_project"
          ]
        }
      ]
    },
    {
      "module": "module.rules",
      "mode": "managed",
      "type": "gitlab_branch_protection",
      "name": "uat",
      "provider": "provider[\"registry.terraform.io/gitlabhq/gitlab\"]",
      "instances": [
        {
          "index_key": "sample_group_project",
          "schema_version": 0,
          "attributes": {
            "allowed_to_merge": [],
            "allowed_to_push": [],
            "branch": "uat",
            "branch_protection_id": 16,
            "code_owner_approval_required": false,
            "id": "11:uat",
            "merge_access_level": "developer",
            "project": "11",
            "push_access_level": "maintainer"
          },
          "sensitive_attributes": [],
          "private": "bnVsbA==",
          "dependencies": [
            "module.projects.gitlab_group.sample_group",
            "module.projects.gitlab_project.sample_group_project"
          ]
        }
      ]
    }
  ]
}
